{
    "_meta": {
        "hash": {
            "sha256": "c4985f5976b828d5ea3d7359ed31a61705d632ebd701d244ff78aa6a5d962687"
        },
        "pipfile-spec": 6,
        "requires": {
            "python_version": "2.7"
        },
        "sources": [
            {
                "name": "pypi",
                "url": "https://pypi.python.org/simple",
                "verify_ssl": true
            }
        ]
    },
    "default": {
        "django": {
            "hashes": [
                "sha256:0120b3b60760fb0617848b58aaa9702c0bf963320ed472f0879c5c55ab75b64a",
                "sha256:b6f3b864944276b4fd1d099952112696558f78b77b39188ac92b6c5e80152c30"
            ],
            "index": "pypi",
            "version": "==1.11"
        },
        "django-crispy-forms": {
            "hashes": [
                "sha256:5952bab971110d0b86c278132dae0aa095beee8f723e625c3d3fa28888f1675f",
                "sha256:705ededc554ad8736157c666681165fe22ead2dec0d5446d65fc9dd976a5a876"
            ],
            "index": "pypi",
            "version": "==1.7.2"
        },
        "pytz": {
            "hashes": [
                "sha256:31cb35c89bd7d333cd32c5f278fca91b523b0834369e757f4c5641ea252236ca",
                "sha256:8e0f8568c118d3077b46be7d654cc8167fa916092e28320cde048e54bfc9f1e6"
            ],
            "version": "==2018.7"
        }
    },
    "develop": {}
}
